schema: '2.0'
stages:
  data_collection:
    cmd: python src/data/1_data_collection.py
    deps:
    - path: src/data/1_data_collection.py
      hash: md5
      md5: 0a94a1e76f53b1e1d4fdaafd860042cd
      size: 2392
    params:
      params.yaml:
        data_collection.test_size: 0.2
    outs:
    - path: data/raw
      hash: md5
      md5: c0c2d65c14a603e91e029fda3c344a5c.dir
      size: 522262
      nfiles: 2
  data_preparation:
    cmd: python src/data/2_data_preparation.py
    deps:
    - path: data/raw
      hash: md5
      md5: c0c2d65c14a603e91e029fda3c344a5c.dir
      size: 522262
      nfiles: 2
    - path: src/data/2_data_preparation.py
      hash: md5
      md5: 477337bc2156570f6d536a696bb04884
      size: 2079
    outs:
    - path: data/processed
      hash: md5
      md5: e34c84b2d0f2a75442271cd6c5779b7c.dir
      size: 546895
      nfiles: 2
  model_building:
    cmd: python src/model/3_model_building.py
    deps:
    - path: data/processed
      hash: md5
      md5: e34c84b2d0f2a75442271cd6c5779b7c.dir
      size: 546895
      nfiles: 2
    - path: src/model/3_model_building.py
      hash: md5
      md5: af4c8bb6a38c6f52e785ee934db08e09
      size: 2420
    params:
      params.yaml:
        model_building.n_estimators: 1000
    outs:
    - path: models/model.pkl
      hash: md5
      md5: 8a2dc46a6881a2d288dcf355494152ad
      size: 73644708
  model_evaluation:
    cmd: python src/model/4_model_evaluation.py
    deps:
    - path: models/model.pkl
      hash: md5
      md5: 8a2dc46a6881a2d288dcf355494152ad
      size: 73644708
    - path: src/model/4_model_evaluation.py
      hash: md5
      md5: 77a10356ec7ef5c6a0a27279be37a19f
      size: 5006
    outs:
    - path: reports/metrics.json
      hash: md5
      md5: 868c2f4512aa4b200f92a413eaaa500d
      size: 137
    - path: reports/run_info.json
      hash: md5
      md5: d1c94c4ee9940106124b6d5b9c6d9666
      size: 87
  model_registration:
    cmd: python src/model/model_registry.py
    deps:
    - path: reports/run_info.json
      hash: md5
      md5: d1c94c4ee9940106124b6d5b9c6d9666
      size: 87
    - path: src/model/model_registry.py
      hash: md5
      md5: bcbad37a74cbc8a4ad885e0540c8ee4d
      size: 1314
